// !$*UTF8*$!
{
	archiveVersion = 1;
	classes = {
	};
	objectVersion = 56;
	objects = {

/* Begin PBXBuildFile section */
		8C73C5872BE5A56C00A59DB4 /* ClusteringExampleApp.swift in Sources */ = {isa = PBXBuildFile; fileRef = 8C73C5862BE5A56C00A59DB4 /* ClusteringExampleApp.swift */; };
		8C73C5892BE5A56C00A59DB4 /* ContentView.swift in Sources */ = {isa = PBXBuildFile; fileRef = 8C73C5882BE5A56C00A59DB4 /* ContentView.swift */; };
		8C73C58D2BE5A56E00A59DB4 /* Assets.xcassets in Resources */ = {isa = PBXBuildFile; fileRef = 8C73C58C2BE5A56E00A59DB4 /* Assets.xcassets */; };
		8C73C5902BE5A56E00A59DB4 /* Preview Assets.xcassets in Resources */ = {isa = PBXBuildFile; fileRef = 8C73C58F2BE5A56E00A59DB4 /* Preview Assets.xcassets */; };
		8C73C59A2BE5A56E00A59DB4 /* ClusteringExampleTests.swift in Sources */ = {isa = PBXBuildFile; fileRef = 8C73C5992BE5A56E00A59DB4 /* ClusteringExampleTests.swift */; };
		8C73C5A42BE5A56E00A59DB4 /* ClusteringExampleUITests.swift in Sources */ = {isa = PBXBuildFile; fileRef = 8C73C5A32BE5A56E00A59DB4 /* ClusteringExampleUITests.swift */; };
		8C73C5A62BE5A56E00A59DB4 /* ClusteringExampleUITestsLaunchTests.swift in Sources */ = {isa = PBXBuildFile; fileRef = 8C73C5A52BE5A56E00A59DB4 /* ClusteringExampleUITestsLaunchTests.swift */; };
		8C73C5B32BE5A57F00A59DB4 /* MapView.swift in Sources */ = {isa = PBXBuildFile; fileRef = 8C73C5B22BE5A57F00A59DB4 /* MapView.swift */; };
/* End PBXBuildFile section */

/* Begin PBXContainerItemProxy section */
		8C73C5962BE5A56E00A59DB4 /* PBXContainerItemProxy */ = {
			isa = PBXContainerItemProxy;
			containerPortal = 8C73C57B2BE5A56C00A59DB4 /* Project object */;
			proxyType = 1;
			remoteGlobalIDString = 8C73C5822BE5A56C00A59DB4;
			remoteInfo = ClusteringExample;
		};
		8C73C5A02BE5A56E00A59DB4 /* PBXContainerItemProxy */ = {
			isa = PBXContainerItemProxy;
			containerPortal = 8C73C57B2BE5A56C00A59DB4 /* Project object */;
			proxyType = 1;
			remoteGlobalIDString = 8C73C5822BE5A56C00A59DB4;
			remoteInfo = ClusteringExample;
		};
/* End PBXContainerItemProxy section */

/* Begin PBXFileReference section */
		8C73C5832BE5A56C00A59DB4 /* ClusteringExample.app */ = {isa = PBXFileReference; explicitFileType = wrapper.application; includeInIndex = 0; path = ClusteringExample.app; sourceTree = BUILT_PRODUCTS_DIR; };
		8C73C5862BE5A56C00A59DB4 /* ClusteringExampleApp.swift */ = {isa = PBXFileReference; lastKnownFileType = sourcecode.swift; path = ClusteringExampleApp.swift; sourceTree = "<group>"; };
		8C73C5882BE5A56C00A59DB4 /* ContentView.swift */ = {isa = PBXFileReference; lastKnownFileType = sourcecode.swift; path = ContentView.swift; sourceTree = "<group>"; };
		8C73C58C2BE5A56E00A59DB4 /* Assets.xcassets */ = {isa = PBXFileReference; lastKnownFileType = folder.assetcatalog; path = Assets.xcassets; sourceTree = "<group>"; };
		8C73C58F2BE5A56E00A59DB4 /* Preview Assets.xcassets */ = {isa = PBXFileReference; lastKnownFileType = folder.assetcatalog; path = "Preview Assets.xcassets"; sourceTree = "<group>"; };
		8C73C5952BE5A56E00A59DB4 /* ClusteringExampleTests.xctest */ = {isa = PBXFileReference; explicitFileType = wrapper.cfbundle; includeInIndex = 0; path = ClusteringExampleTests.xctest; sourceTree = BUILT_PRODUCTS_DIR; };
		8C73C5992BE5A56E00A59DB4 /* ClusteringExampleTests.swift */ = {isa = PBXFileReference; lastKnownFileType = sourcecode.swift; path = ClusteringExampleTests.swift; sourceTree = "<group>"; };
		8C73C59F2BE5A56E00A59DB4 /* ClusteringExampleUITests.xctest */ = {isa = PBXFileReference; explicitFileType = wrapper.cfbundle; includeInIndex = 0; path = ClusteringExampleUITests.xctest; sourceTree = BUILT_PRODUCTS_DIR; };
		8C73C5A32BE5A56E00A59DB4 /* ClusteringExampleUITests.swift */ = {isa = PBXFileReference; lastKnownFileType = sourcecode.swift; path = ClusteringExampleUITests.swift; sourceTree = "<group>"; };
		8C73C5A52BE5A56E00A59DB4 /* ClusteringExampleUITestsLaunchTests.swift */ = {isa = PBXFileReference; lastKnownFileType = sourcecode.swift; path = ClusteringExampleUITestsLaunchTests.swift; sourceTree = "<group>"; };
		8C73C5B22BE5A57F00A59DB4 /* MapView.swift */ = {isa = PBXFileReference; lastKnownFileType = sourcecode.swift; path = MapView.swift; sourceTree = "<group>"; };
/* End PBXFileReference section */

/* Begin PBXFrameworksBuildPhase section */
		8C73C5802BE5A56C00A59DB4 /* Frameworks */ = {
			isa = PBXFrameworksBuildPhase;
			buildActionMask = 2147483647;
			files = (
			);
			runOnlyForDeploymentPostprocessing = 0;
		};
		8C73C5922BE5A56E00A59DB4 /* Frameworks */ = {
			isa = PBXFrameworksBuildPhase;
			buildActionMask = 2147483647;
			files = (
			);
			runOnlyForDeploymentPostprocessing = 0;
		};
		8C73C59C2BE5A56E00A59DB4 /* Frameworks */ = {
			isa = PBXFrameworksBuildPhase;
			buildActionMask = 2147483647;
			files = (
			);
			runOnlyForDeploymentPostprocessing = 0;
		};
/* End PBXFrameworksBuildPhase section */

/* Begin PBXGroup section */
		8C73C57A2BE5A56C00A59DB4 = {
			isa = PBXGroup;
			children = (
				8C73C5852BE5A56C00A59DB4 /* ClusteringExample */,
				8C73C5982BE5A56E00A59DB4 /* ClusteringExampleTests */,
				8C73C5A22BE5A56E00A59DB4 /* ClusteringExampleUITests */,
				8C73C5842BE5A56C00A59DB4 /* Products */,
			);
			sourceTree = "<group>";
		};
		8C73C5842BE5A56C00A59DB4 /* Products */ = {
			isa = PBXGroup;
			children = (
				8C73C5832BE5A56C00A59DB4 /* ClusteringExample.app */,
				8C73C5952BE5A56E00A59DB4 /* ClusteringExampleTests.xctest */,
				8C73C59F2BE5A56E00A59DB4 /* ClusteringExampleUITests.xctest */,
			);
			name = Products;
			sourceTree = "<group>";
		};
		8C73C5852BE5A56C00A59DB4 /* ClusteringExample */ = {
			isa = PBXGroup;
			children = (
				8C73C5862BE5A56C00A59DB4 /* ClusteringExampleApp.swift */,
				8C73C5882BE5A56C00A59DB4 /* ContentView.swift */,
				8C73C58C2BE5A56E00A59DB4 /* Assets.xcassets */,
				8C73C58E2BE5A56E00A59DB4 /* Preview Content */,
				8C73C5B22BE5A57F00A59DB4 /* MapView.swift */,
			);
			path = ClusteringExample;
			sourceTree = "<group>";
		};
		8C73C58E2BE5A56E00A59DB4 /* Preview Content */ = {
			isa = PBXGroup;
			children = (
				8C73C58F2BE5A56E00A59DB4 /* Preview Assets.xcassets */,
			);
			path = "Preview Content";
			sourceTree = "<group>";
		};
		8C73C5982BE5A56E00A59DB4 /* ClusteringExampleTests */ = {
			isa = PBXGroup;
			children = (
				8C73C5992BE5A56E00A59DB4 /* ClusteringExampleTests.swift */,
			);
			path = ClusteringExampleTests;
			sourceTree = "<group>";
		};
		8C73C5A22BE5A56E00A59DB4 /* ClusteringExampleUITests */ = {
			isa = PBXGroup;
			children = (
				8C73C5A32BE5A56E00A59DB4 /* ClusteringExampleUITests.swift */,
				8C73C5A52BE5A56E00A59DB4 /* ClusteringExampleUITestsLaunchTests.swift */,
			);
			path = ClusteringExampleUITests;
			sourceTree = "<group>";
		};
/* End PBXGroup section */

/* Begin PBXNativeTarget section */
		8C73C5822BE5A56C00A59DB4 /* ClusteringExample */ = {
			isa = PBXNativeTarget;
			buildConfigurationList = 8C73C5A92BE5A56E00A59DB4 /* Build configuration list for PBXNativeTarget "ClusteringExample" */;
			buildPhases = (
				8C73C57F2BE5A56C00A59DB4 /* Sources */,
				8C73C5802BE5A56C00A59DB4 /* Frameworks */,
				8C73C5812BE5A56C00A59DB4 /* Resources */,
			);
			buildRules = (
			);
			dependencies = (
			);
			name = ClusteringExample;
			productName = ClusteringExample;
			productReference = 8C73C5832BE5A56C00A59DB4 /* ClusteringExample.app */;
			productType = "com.apple.product-type.application";
		};
		8C73C5942BE5A56E00A59DB4 /* ClusteringExampleTests */ = {
			isa = PBXNativeTarget;
			buildConfigurationList = 8C73C5AC2BE5A56E00A59DB4 /* Build configuration list for PBXNativeTarget "ClusteringExampleTests" */;
			buildPhases = (
				8C73C5912BE5A56E00A59DB4 /* Sources */,
				8C73C5922BE5A56E00A59DB4 /* Frameworks */,
				8C73C5932BE5A56E00A59DB4 /* Resources */,
			);
			buildRules = (
			);
			dependencies = (
				8C73C5972BE5A56E00A59DB4 /* PBXTargetDependency */,
			);
			name = ClusteringExampleTests;
			productName = ClusteringExampleTests;
			productReference = 8C73C5952BE5A56E00A59DB4 /* ClusteringExampleTests.xctest */;
			productType = "com.apple.product-type.bundle.unit-test";
		};
		8C73C59E2BE5A56E00A59DB4 /* ClusteringExampleUITests */ = {
			isa = PBXNativeTarget;
			buildConfigurationList = 8C73C5AF2BE5A56E00A59DB4 /* Build configuration list for PBXNativeTarget "ClusteringExampleUITests" */;
			buildPhases = (
				8C73C59B2BE5A56E00A59DB4 /* Sources */,
				8C73C59C2BE5A56E00A59DB4 /* Frameworks */,
				8C73C59D2BE5A56E00A59DB4 /* Resources */,
			);
			buildRules = (
			);
			dependencies = (
				8C73C5A12BE5A56E00A59DB4 /* PBXTargetDependency */,
			);
			name = ClusteringExampleUITests;
			productName = ClusteringExampleUITests;
			productReference = 8C73C59F2BE5A56E00A59DB4 /* ClusteringExampleUITests.xctest */;
			productType = "com.apple.product-type.bundle.ui-testing";
		};
/* End PBXNativeTarget section */

/* Begin PBXProject section */
		8C73C57B2BE5A56C00A59DB4 /* Project object */ = {
			isa = PBXProject;
			attributes = {
				BuildIndependentTargetsInParallel = 1;
				LastSwiftUpdateCheck = 1530;
				LastUpgradeCheck = 1530;
				TargetAttributes = {
					8C73C5822BE5A56C00A59DB4 = {
						CreatedOnToolsVersion = 15.3;
					};
					8C73C5942BE5A56E00A59DB4 = {
						CreatedOnToolsVersion = 15.3;
						TestTargetID = 8C73C5822BE5A56C00A59DB4;
					};
					8C73C59E2BE5A56E00A59DB4 = {
						CreatedOnToolsVersion = 15.3;
						TestTargetID = 8C73C5822BE5A56C00A59DB4;
					};
				};
			};
			buildConfigurationList = 8C73C57E2BE5A56C00A59DB4 /* Build configuration list for PBXProject "ClusteringExample" */;
			compatibilityVersion = "Xcode 14.0";
			developmentRegion = en;
			hasScannedForEncodings = 0;
			knownRegions = (
				en,
				Base,
			);
			mainGroup = 8C73C57A2BE5A56C00A59DB4;
			productRefGroup = 8C73C5842BE5A56C00A59DB4 /* Products */;
			projectDirPath = "";
			projectRoot = "";
			targets = (
				8C73C5822BE5A56C00A59DB4 /* ClusteringExample */,
				8C73C5942BE5A56E00A59DB4 /* ClusteringExampleTests */,
				8C73C59E2BE5A56E00A59DB4 /* ClusteringExampleUITests */,
			);
		};
/* End PBXProject section */

/* Begin PBXResourcesBuildPhase section */
		8C73C5812BE5A56C00A59DB4 /* Resources */ = {
			isa = PBXResourcesBuildPhase;
			buildActionMask = 2147483647;
			files = (
				8C73C5902BE5A56E00A59DB4 /* Preview Assets.xcassets in Resources */,
				8C73C58D2BE5A56E00A59DB4 /* Assets.xcassets in Resources */,
			);
			runOnlyForDeploymentPostprocessing = 0;
		};
		8C73C5932BE5A56E00A59DB4 /* Resources */ = {
			isa = PBXResourcesBuildPhase;
			buildActionMask = 2147483647;
			files = (
			);
			runOnlyForDeploymentPostprocessing = 0;
		};
		8C73C59D2BE5A56E00A59DB4 /* Resources */ = {
			isa = PBXResourcesBuildPhase;
			buildActionMask = 2147483647;
			files = (
			);
			runOnlyForDeploymentPostprocessing = 0;
		};
/* End PBXResourcesBuildPhase section */

/* Begin PBXSourcesBuildPhase section */
		8C73C57F2BE5A56C00A59DB4 /* Sources */ = {
			isa = PBXSourcesBuildPhase;
			buildActionMask = 2147483647;
			files = (
				8C73C5892BE5A56C00A59DB4 /* ContentView.swift in Sources */,
				8C73C5B32BE5A57F00A59DB4 /* MapView.swift in Sources */,
				8C73C5872BE5A56C00A59DB4 /* ClusteringExampleApp.swift in Sources */,
			);
			runOnlyForDeploymentPostprocessing = 0;
		};
		8C73C5912BE5A56E00A59DB4 /* Sources */ = {
			isa = PBXSourcesBuildPhase;
			buildActionMask = 2147483647;
			files = (
				8C73C59A2BE5A56E00A59DB4 /* ClusteringExampleTests.swift in Sources */,
			);
			runOnlyForDeploymentPostprocessing = 0;
		};
		8C73C59B2BE5A56E00A59DB4 /* Sources */ = {
			isa = PBXSourcesBuildPhase;
			buildActionMask = 2147483647;
			files = (
				8C73C5A42BE5A56E00A59DB4 /* ClusteringExampleUITests.swift in Sources */,
				8C73C5A62BE5A56E00A59DB4 /* ClusteringExampleUITestsLaunchTests.swift in Sources */,
			);
			runOnlyForDeploymentPostprocessing = 0;
		};
/* End PBXSourcesBuildPhase section */

/* Begin PBXTargetDependency section */
		8C73C5972BE5A56E00A59DB4 /* PBXTargetDependency */ = {
			isa = PBXTargetDependency;
			target = 8C73C5822BE5A56C00A59DB4 /* ClusteringExample */;
			targetProxy = 8C73C5962BE5A56E00A59DB4 /* PBXContainerItemProxy */;
		};
		8C73C5A12BE5A56E00A59DB4 /* PBXTargetDependency */ = {
			isa = PBXTargetDependency;
			target = 8C73C5822BE5A56C00A59DB4 /* ClusteringExample */;
			targetProxy = 8C73C5A02BE5A56E00A59DB4 /* PBXContainerItemProxy */;
		};
/* End PBXTargetDependency section */

/* Begin XCBuildConfiguration section */
		8C73C5A72BE5A56E00A59DB4 /* Debug */ = {
			isa = XCBuildConfiguration;
			buildSettings = {
				ALWAYS_SEARCH_USER_PATHS = NO;
				ASSETCATALOG_COMPILER_GENERATE_SWIFT_ASSET_SYMBOL_EXTENSIONS = YES;
				CLANG_ANALYZER_NONNULL = YES;
				CLANG_ANALYZER_NUMBER_OBJECT_CONVERSION = YES_AGGRESSIVE;
				CLANG_CXX_LANGUAGE_STANDARD = "gnu++20";
				CLANG_ENABLE_MODULES = YES;
				CLANG_ENABLE_OBJC_ARC = YES;
				CLANG_ENABLE_OBJC_WEAK = YES;
				CLANG_WARN_BLOCK_CAPTURE_AUTORELEASING = YES;
				CLANG_WARN_BOOL_CONVERSION = YES;
				CLANG_WARN_COMMA = YES;
				CLANG_WARN_CONSTANT_CONVERSION = YES;
				CLANG_WARN_DEPRECATED_OBJC_IMPLEMENTATIONS = YES;
				CLANG_WARN_DIRECT_OBJC_ISA_USAGE = YES_ERROR;
				CLANG_WARN_DOCUMENTATION_COMMENTS = YES;
				CLANG_WARN_EMPTY_BODY = YES;
				CLANG_WARN_ENUM_CONVERSION = YES;
				CLANG_WARN_INFINITE_RECURSION = YES;
				CLANG_WARN_INT_CONVERSION = YES;
				CLANG_WARN_NON_LITERAL_NULL_CONVERSION = YES;
				CLANG_WARN_OBJC_IMPLICIT_RETAIN_SELF = YES;
				CLANG_WARN_OBJC_LITERAL_CONVERSION = YES;
				CLANG_WARN_OBJC_ROOT_CLASS = YES_ERROR;
				CLANG_WARN_QUOTED_INCLUDE_IN_FRAMEWORK_HEADER = YES;
				CLANG_WARN_RANGE_LOOP_ANALYSIS = YES;
				CLANG_WARN_STRICT_PROTOTYPES = YES;
				CLANG_WARN_SUSPICIOUS_MOVE = YES;
				CLANG_WARN_UNGUARDED_AVAILABILITY = YES_AGGRESSIVE;
				CLANG_WARN_UNREACHABLE_CODE = YES;
				CLANG_WARN__DUPLICATE_METHOD_MATCH = YES;
				COPY_PHASE_STRIP = NO;
				DEBUG_INFORMATION_FORMAT = dwarf;
				ENABLE_STRICT_OBJC_MSGSEND = YES;
				ENABLE_TESTABILITY = YES;
				ENABLE_USER_SCRIPT_SANDBOXING = YES;
				GCC_C_LANGUAGE_STANDARD = gnu17;
				GCC_DYNAMIC_NO_PIC = NO;
				GCC_NO_COMMON_BLOCKS = YES;
				GCC_OPTIMIZATION_LEVEL = 0;
				GCC_PREPROCESSOR_DEFINITIONS = (
					"DEBUG=1",
					"$(inherited)",
				);
				GCC_WARN_64_TO_32_BIT_CONVERSION = YES;
				GCC_WARN_ABOUT_RETURN_TYPE = YES_ERROR;
				GCC_WARN_UNDECLARED_SELECTOR = YES;
				GCC_WARN_UNINITIALIZED_AUTOS = YES_AGGRESSIVE;
				GCC_WARN_UNUSED_FUNCTION = YES;
				GCC_WARN_UNUSED_VARIABLE = YES;
				IPHONEOS_DEPLOYMENT_TARGET = 17.4;
				LOCALIZATION_PREFERS_STRING_CATALOGS = YES;
				MTL_ENABLE_DEBUG_INFO = INCLUDE_SOURCE;
				MTL_FAST_MATH = YES;
				ONLY_ACTIVE_ARCH = YES;
				SDKROOT = iphoneos;
				SWIFT_ACTIVE_COMPILATION_CONDITIONS = "DEBUG $(inherited)";
				SWIFT_OPTIMIZATION_LEVEL = "-Onone";
			};
			name = Debug;
		};
		8C73C5A82BE5A56E00A59DB4 /* Release */ = {
			isa = XCBuildConfiguration;
			buildSettings = {
				ALWAYS_SEARCH_USER_PATHS = NO;
				ASSETCATALOG_COMPILER_GENERATE_SWIFT_ASSET_SYMBOL_EXTENSIONS = YES;
				CLANG_ANALYZER_NONNULL = YES;
				CLANG_ANALYZER_NUMBER_OBJECT_CONVERSION = YES_AGGRESSIVE;
				CLANG_CXX_LANGUAGE_STANDARD = "gnu++20";
				CLANG_ENABLE_MODULES = YES;
				CLANG_ENABLE_OBJC_ARC = YES;
				CLANG_ENABLE_OBJC_WEAK = YES;
				CLANG_WARN_BLOCK_CAPTURE_AUTORELEASING = YES;
				CLANG_WARN_BOOL_CONVERSION = YES;
				CLANG_WARN_COMMA = YES;
				CLANG_WARN_CONSTANT_CONVERSION = YES;
				CLANG_WARN_DEPRECATED_OBJC_IMPLEMENTATIONS = YES;
				CLANG_WARN_DIRECT_OBJC_ISA_USAGE = YES_ERROR;
				CLANG_WARN_DOCUMENTATION_COMMENTS = YES;
				CLANG_WARN_EMPTY_BODY = YES;
				CLANG_WARN_ENUM_CONVERSION = YES;
				CLANG_WARN_INFINITE_RECURSION = YES;
				CLANG_WARN_INT_CONVERSION = YES;
				CLANG_WARN_NON_LITERAL_NULL_CONVERSION = YES;
				CLANG_WARN_OBJC_IMPLICIT_RETAIN_SELF = YES;
				CLANG_WARN_OBJC_LITERAL_CONVERSION = YES;
				CLANG_WARN_OBJC_ROOT_CLASS = YES_ERROR;
				CLANG_WARN_QUOTED_INCLUDE_IN_FRAMEWORK_HEADER = YES;
				CLANG_WARN_RANGE_LOOP_ANALYSIS = YES;
				CLANG_WARN_STRICT_PROTOTYPES = YES;
				CLANG_WARN_SUSPICIOUS_MOVE = YES;
				CLANG_WARN_UNGUARDED_AVAILABILITY = YES_AGGRESSIVE;
				CLANG_WARN_UNREACHABLE_CODE = YES;
				CLANG_WARN__DUPLICATE_METHOD_MATCH = YES;
				COPY_PHASE_STRIP = NO;
				DEBUG_INFORMATION_FORMAT = "dwarf-with-dsym";
				ENABLE_NS_ASSERTIONS = NO;
				ENABLE_STRICT_OBJC_MSGSEND = YES;
				ENABLE_USER_SCRIPT_SANDBOXING = YES;
				GCC_C_LANGUAGE_STANDARD = gnu17;
				GCC_NO_COMMON_BLOCKS = YES;
				GCC_WARN_64_TO_32_BIT_CONVERSION = YES;
				GCC_WARN_ABOUT_RETURN_TYPE = YES_ERROR;
				GCC_WARN_UNDECLARED_SELECTOR = YES;
				GCC_WARN_UNINITIALIZED_AUTOS = YES_AGGRESSIVE;
				GCC_WARN_UNUSED_FUNCTION = YES;
				GCC_WARN_UNUSED_VARIABLE = YES;
				IPHONEOS_DEPLOYMENT_TARGET = 17.4;
				LOCALIZATION_PREFERS_STRING_CATALOGS = YES;
				MTL_ENABLE_DEBUG_INFO = NO;
				MTL_FAST_MATH = YES;
				SDKROOT = iphoneos;
				SWIFT_COMPILATION_MODE = wholemodule;
				VALIDATE_PRODUCT = YES;
			};
			name = Release;
		};
		8C73C5AA2BE5A56E00A59DB4 /* Debug */ = {
			isa = XCBuildConfiguration;
			buildSettings = {
				ASSETCATALOG_COMPILER_APPICON_NAME = AppIcon;
				ASSETCATALOG_COMPILER_GLOBAL_ACCENT_COLOR_NAME = AccentColor;
				CODE_SIGN_STYLE = Automatic;
				CURRENT_PROJECT_VERSION = 1;
				DEVELOPMENT_ASSET_PATHS = "\"ClusteringExample/Preview Content\"";
				DEVELOPMENT_TEAM = 35U9HEBB6W;
				ENABLE_PREVIEWS = YES;
				GENERATE_INFOPLIST_FILE = YES;
				INFOPLIST_KEY_UIApplicationSceneManifest_Generation = YES;
				INFOPLIST_KEY_UIApplicationSupportsIndirectInputEvents = YES;
				INFOPLIST_KEY_UILaunchScreen_Generation = YES;
				INFOPLIST_KEY_UISupportedInterfaceOrientations_iPad = "UIInterfaceOrientationPortrait UIInterfaceOrientationPortraitUpsideDown UIInterfaceOrientationLandscapeLeft UIInterfaceOrientationLandscapeRight";
				INFOPLIST_KEY_UISupportedInterfaceOrientations_iPhone = "UIInterfaceOrientationPortrait UIInterfaceOrientationLandscapeLeft UIInterfaceOrientationLandscapeRight";
				LD_RUNPATH_SEARCH_PATHS = (
					"$(inherited)",
					"@executable_path/Frameworks",
				);
				MARKETING_VERSION = 1.0;
				PRODUCT_BUNDLE_IDENTIFIER = JalIrani.ClusteringExample;
				PRODUCT_NAME = "$(TARGET_NAME)";
				SWIFT_EMIT_LOC_STRINGS = YES;
				SWIFT_VERSION = 5.0;
				TARGETED_DEVICE_FAMILY = "1,2";
			};
			name = Debug;
		};
		8C73C5AB2BE5A56E00A59DB4 /* Release */ = {
			isa = XCBuildConfiguration;
			buildSettings = {
				ASSETCATALOG_COMPILER_APPICON_NAME = AppIcon;
				ASSETCATALOG_COMPILER_GLOBAL_ACCENT_COLOR_NAME = AccentColor;
				CODE_SIGN_STYLE = Automatic;
				CURRENT_PROJECT_VERSION = 1;
				DEVELOPMENT_ASSET_PATHS = "\"ClusteringExample/Preview Content\"";
				DEVELOPMENT_TEAM = 35U9HEBB6W;
				ENABLE_PREVIEWS = YES;
				GENERATE_INFOPLIST_FILE = YES;
				INFOPLIST_KEY_UIApplicationSceneManifest_Generation = YES;
				INFOPLIST_KEY_UIApplicationSupportsIndirectInputEvents = YES;
				INFOPLIST_KEY_UILaunchScreen_Generation = YES;
				INFOPLIST_KEY_UISupportedInterfaceOrientations_iPad = "UIInterfaceOrientationPortrait UIInterfaceOrientationPortraitUpsideDown UIInterfaceOrientationLandscapeLeft UIInterfaceOrientationLandscapeRight";
				INFOPLIST_KEY_UISupportedInterfaceOrientations_iPhone = "UIInterfaceOrientationPortrait UIInterfaceOrientationLandscapeLeft UIInterfaceOrientationLandscapeRight";
				LD_RUNPATH_SEARCH_PATHS = (
					"$(inherited)",
					"@executable_path/Frameworks",
				);
				MARKETING_VERSION = 1.0;
				PRODUCT_BUNDLE_IDENTIFIER = JalIrani.ClusteringExample;
				PRODUCT_NAME = "$(TARGET_NAME)";
				SWIFT_EMIT_LOC_STRINGS = YES;
				SWIFT_VERSION = 5.0;
				TARGETED_DEVICE_FAMILY = "1,2";
			};
			name = Release;
		};
		8C73C5AD2BE5A56E00A59DB4 /* Debug */ = {
			isa = XCBuildConfiguration;
			buildSettings = {
				ALWAYS_EMBED_SWIFT_STANDARD_LIBRARIES = YES;
				BUNDLE_LOADER = "$(TEST_HOST)";
				CODE_SIGN_STYLE = Automatic;
				CURRENT_PROJECT_VERSION = 1;
				DEVELOPMENT_TEAM = 35U9HEBB6W;
				GENERATE_INFOPLIST_FILE = YES;
				IPHONEOS_DEPLOYMENT_TARGET = 17.4;
				MARKETING_VERSION = 1.0;
				PRODUCT_BUNDLE_IDENTIFIER = JalIrani.ClusteringExampleTests;
				PRODUCT_NAME = "$(TARGET_NAME)";
				SWIFT_EMIT_LOC_STRINGS = NO;
				SWIFT_VERSION = 5.0;
				TARGETED_DEVICE_FAMILY = "1,2";
				TEST_HOST = "$(BUILT_PRODUCTS_DIR)/ClusteringExample.app/$(BUNDLE_EXECUTABLE_FOLDER_PATH)/ClusteringExample";
			};
			name = Debug;
		};
		8C73C5AE2BE5A56E00A59DB4 /* Release */ = {
			isa = XCBuildConfiguration;
			buildSettings = {
				ALWAYS_EMBED_SWIFT_STANDARD_LIBRARIES = YES;
				BUNDLE_LOADER = "$(TEST_HOST)";
				CODE_SIGN_STYLE = Automatic;
				CURRENT_PROJECT_VERSION = 1;
				DEVELOPMENT_TEAM = 35U9HEBB6W;
				GENERATE_INFOPLIST_FILE = YES;
				IPHONEOS_DEPLOYMENT_TARGET = 17.4;
				MARKETING_VERSION = 1.0;
				PRODUCT_BUNDLE_IDENTIFIER = JalIrani.ClusteringExampleTests;
				PRODUCT_NAME = "$(TARGET_NAME)";
				SWIFT_EMIT_LOC_STRINGS = NO;
				SWIFT_VERSION = 5.0;
				TARGETED_DEVICE_FAMILY = "1,2";
				TEST_HOST = "$(BUILT_PRODUCTS_DIR)/ClusteringExample.app/$(BUNDLE_EXECUTABLE_FOLDER_PATH)/ClusteringExample";
			};
			name = Release;
		};
		8C73C5B02BE5A56E00A59DB4 /* Debug */ = {
			isa = XCBuildConfiguration;
			buildSettings = {
				ALWAYS_EMBED_SWIFT_STANDARD_LIBRARIES = YES;
				CODE_SIGN_STYLE = Automatic;
				CURRENT_PROJECT_VERSION = 1;
				DEVELOPMENT_TEAM = 35U9HEBB6W;
				GENERATE_INFOPLIST_FILE = YES;
				MARKETING_VERSION = 1.0;
				PRODUCT_BUNDLE_IDENTIFIER = JalIrani.ClusteringExampleUITests;
				PRODUCT_NAME = "$(TARGET_NAME)";
				SWIFT_EMIT_LOC_STRINGS = NO;
				SWIFT_VERSION = 5.0;
				TARGETED_DEVICE_FAMILY = "1,2";
				TEST_TARGET_NAME = ClusteringExample;
			};
			name = Debug;
		};
		8C73C5B12BE5A56E00A59DB4 /* Release */ = {
			isa = XCBuildConfiguration;
			buildSettings = {
				ALWAYS_EMBED_SWIFT_STANDARD_LIBRARIES = YES;
				CODE_SIGN_STYLE = Automatic;
				CURRENT_PROJECT_VERSION = 1;
				DEVELOPMENT_TEAM = 35U9HEBB6W;
				GENERATE_INFOPLIST_FILE = YES;
				MARKETING_VERSION = 1.0;
				PRODUCT_BUNDLE_IDENTIFIER = JalIrani.ClusteringExampleUITests;
				PRODUCT_NAME = "$(TARGET_NAME)";
				SWIFT_EMIT_LOC_STRINGS = NO;
				SWIFT_VERSION = 5.0;
				TARGETED_DEVICE_FAMILY = "1,2";
				TEST_TARGET_NAME = ClusteringExample;
			};
			name = Release;
		};
/* End XCBuildConfiguration section */

/* Begin XCConfigurationList section */
		8C73C57E2BE5A56C00A59DB4 /* Build configuration list for PBXProject "ClusteringExample" */ = {
			isa = XCConfigurationList;
			buildConfigurations = (
				8C73C5A72BE5A56E00A59DB4 /* Debug */,
				8C73C5A82BE5A56E00A59DB4 /* Release */,
			);
			defaultConfigurationIsVisible = 0;
			defaultConfigurationName = Release;
		};
		8C73C5A92BE5A56E00A59DB4 /* Build configuration list for PBXNativeTarget "ClusteringExample" */ = {
			isa = XCConfigurationList;
			buildConfigurations = (
				8C73C5AA2BE5A56E00A59DB4 /* Debug */,
				8C73C5AB2BE5A56E00A59DB4 /* Release */,
			);
			defaultConfigurationIsVisible = 0;
			defaultConfigurationName = Release;
		};
		8C73C5AC2BE5A56E00A59DB4 /* Build configuration list for PBXNativeTarget "ClusteringExampleTests" */ = {
			isa = XCConfigurationList;
			buildConfigurations = (
				8C73C5AD2BE5A56E00A59DB4 /* Debug */,
				8C73C5AE2BE5A56E00A59DB4 /* Release */,
			);
			defaultConfigurationIsVisible = 0;
			defaultConfigurationName = Release;
		};
		8C73C5AF2BE5A56E00A59DB4 /* Build configuration list for PBXNativeTarget "ClusteringExampleUITests" */ = {
			isa = XCConfigurationList;
			buildConfigurations = (
				8C73C5B02BE5A56E00A59DB4 /* Debug */,
				8C73C5B12BE5A56E00A59DB4 /* Release */,
			);
			defaultConfigurationIsVisible = 0;
			defaultConfigurationName = Release;
		};
/* End XCConfigurationList section */
	};
	rootObject = 8C73C57B2BE5A56C00A59DB4 /* Project object */;
}
